
Microsoft Visual Studio Solution File, Format Version 12.00
# Visual Studio Version 17
VisualStudioVersion = 17.1.32421.90
MinimumVisualStudioVersion = 10.0.40219.1
Project("{FAE04EC0-301F-11D3-BF4B-00C04F79EFBC}") = "FallingLeaf_KG_2", "FallingLeaf_KG_2\FallingLeaf_KG_2.csproj", "{73DF1BBF-215D-4EA6-A412-5A9882E0E4E2}"
EndProject
Global
	GlobalSection(SolutionConfigurationPlatforms) = preSolution
		Debug|Any CPU = Debug|Any CPU
		Release|Any CPU = Release|Any CPU
	EndGlobalSection
	GlobalSection(ProjectConfigurationPlatforms) = postSolution
		{73DF1BBF-215D-4EA6-A412-5A9882E0E4E2}.Debug|Any CPU.ActiveCfg = Debug|Any CPU
		{73DF1BBF-215D-4EA6-A412-5A9882E0E4E2}.Debug|Any CPU.Build.0 = Debug|Any CPU
		{73DF1BBF-215D-4EA6-A412-5A9882E0E4E2}.Release|Any CPU.ActiveCfg = Release|Any CPU
		{73DF1BBF-215D-4EA6-A412-5A9882E0E4E2}.Release|Any CPU.Build.0 = Release|Any CPU
	EndGlobalSection
	GlobalSection(SolutionProperties) = preSolution
		HideSolutionNode = FALSE
	EndGlobalSection
	GlobalSection(ExtensibilityGlobals) = postSolution
		SolutionGuid = {E900D234-6970-4921-9D27-1B6147520D32}
	EndGlobalSection
EndGlobal
